<?xml version="1.0" encoding="UTF-8" standalone="yes" ?>
<CodeBlocks_project_file>
	<FileVersion major="1" minor="6" />
	<Project>
		<Option title="lua_test" />
		<Option pch_mode="2" />
		<Option compiler="gcc" />
		<Build>
			<Target title="Debug">
				<Option output="bin/Debug/lua_test" prefix_auto="1" extension_auto="1" />
				<Option object_output="obj/Debug/" />
				<Option type="1" />
				<Option compiler="gcc" />
				<Compiler>
					<Add option="-g" />
					<Add directory="lua-2.4" />
				</Compiler>
			</Target>
			<Target title="Release">
				<Option output="bin/Release/lua_test" prefix_auto="1" extension_auto="1" />
				<Option object_output="obj/Release/" />
				<Option type="1" />
				<Option compiler="gcc" />
				<Compiler>
					<Add option="-O2" />
					<Add directory="lua-2.4" />
					<Add directory="../lua-emulator" />
				</Compiler>
				<Linker>
					<Add option="-s" />
				</Linker>
			</Target>
		</Build>
		<Compiler>
			<Add option="-Wall" />
		</Compiler>
		<Unit filename="eprint.c">
			<Option compilerVar="CC" />
		</Unit>
		<Unit filename="eprint.h">
			<Option target="Release" />
		</Unit>
		<Unit filename="lua-2.4/fallback.c">
			<Option compilerVar="CC" />
		</Unit>
		<Unit filename="lua-2.4/fallback.h" />
		<Unit filename="lua-2.4/func.c">
			<Option compilerVar="CC" />
		</Unit>
		<Unit filename="lua-2.4/func.h" />
		<Unit filename="lua-2.4/hash.c">
			<Option compilerVar="CC" />
		</Unit>
		<Unit filename="lua-2.4/hash.h" />
		<Unit filename="lua-2.4/inout.c">
			<Option compilerVar="CC" />
		</Unit>
		<Unit filename="lua-2.4/inout.h" />
		<Unit filename="lua-2.4/lex.c">
			<Option compilerVar="CC" />
		</Unit>
		<Unit filename="lua-2.4/lex.h" />
		<Unit filename="lua-2.4/lua.h" />
		<Unit filename="lua-2.4/luadebug.h" />
		<Unit filename="lua-2.4/lualib.h" />
		<Unit filename="lua-2.4/mem.c">
			<Option compilerVar="CC" />
		</Unit>
		<Unit filename="lua-2.4/mem.h" />
		<Unit filename="lua-2.4/opcode.c">
			<Option compilerVar="CC" />
		</Unit>
		<Unit filename="lua-2.4/opcode.h" />
		<Unit filename="lua-2.4/parser.c">
			<Option compilerVar="CC" />
		</Unit>
		<Unit filename="lua-2.4/parser.h" />
		<Unit filename="lua-2.4/table.c">
			<Option compilerVar="CC" />
		</Unit>
		<Unit filename="lua-2.4/table.h" />
		<Unit filename="lua-2.4/tree.c">
			<Option compilerVar="CC" />
		</Unit>
		<Unit filename="lua-2.4/tree.h" />
		<Unit filename="lua-2.4/types.h" />
		<Unit filename="lua-2.4/undump.c">
			<Option compilerVar="CC" />
		</Unit>
		<Unit filename="lua-2.4/undump.h" />
		<Unit filename="main.c">
			<Option compilerVar="CC" />
		</Unit>
		<Unit filename="test/array.lua" />
		<Unit filename="test/bisect.lua" />
		<Unit filename="test/card.lua" />
		<Unit filename="test/cf.lua" />
		<Unit filename="test/dump.lua" />
		<Unit filename="test/hello.lua" />
		<Unit filename="test/loop.lua" />
		<Unit filename="test/save.lua" />
		<Unit filename="test/sort.lua" />
		<Unit filename="test/split.lua" />
		<Unit filename="test/type.lua" />
		<Extensions />
	</Project>
</CodeBlocks_project_file>
